{
  "name": "dice-game-bot",
  "version": "1.0.0",
  "lockfileVersion": 2,
  "dependencies": {
    "axios": {
      "version": "1.4.0",
      "resolved": "https://registry.npmjs.org/axios/-/axios-1.4.0.tgz",
      "integrity": "sha512-pTxW1/B+kMRY92BG1g7zxk/Wu5z62SvkxQ74Hqv+56hZOX9o7tnyCKOw8CB8YTeH4TISaIu8ajptS3gqI5psDw==",
      "dev": false
    },
    "dotenv": {
      "version": "16.3.1",
      "resolved": "https://registry.npmjs.org/dotenv/-/dotenv-16.3.1.tgz",
      "integrity": "sha512-UZG/fcAhA3eZce43OsvXjhtQdPCnbvSMKcmrPoeX7gGVw8L8OjzGEbMH3g3A6Kl2OVdxp2YxyRIw0cUS0O5ttg==",
      "dev": false
    },
    "mongoose": {
      "version": "7.6.0",
      "resolved": "https://registry.npmjs.org/mongoose/-/mongoose-7.6.0.tgz",
      "integrity": "sha512-+tG3h02q0Smdbi4pt7Qw5kq12i6WAwM8zAV4RtEmExyyvA3lD4cgtOSO9EGo+NzFw3WRhfpS+xoc51lHAYQNAw==",
      "dev": false
    },
    "paystack-api": {
      "version": "1.0.3",
      "resolved": "https://registry.npmjs.org/paystack-api/-/paystack-api-1.0.2.tgz",
      "integrity": "sha512-TPds3iZolMZ5O/smmTt+6RaJtiV9y2TkF4N+JhpO5l5aPNz9lBbkm5ZRO4z5zdV2JqYN7x6HfptnxC5B7lOnTA==",
      "dev": false
    },
    "telegraf": {
      "version": "4.12.3",
      "resolved": "https://registry.npmjs.org/telegraf/-/telegraf-4.12.3.tgz",
      "integrity": "sha512-uHoqfKscmE7HnQYrHfiPxW9dATfnZ2W9qgGd42gkFkCh+cjbwTTj39tIddO5fe2u0mIMpBBm8z49eBdSmQ==",
      "dev": false
    },
    "nodemon": {
      "version": "3.0.1",
      "resolved": "https://registry.npmjs.org/nodemon/-/nodemon-3.0.1.tgz",
      "integrity": "sha512-cgaADzOl6BmlWZq4S8yl63cHz8dGiV1/2Ldbw1wrD3hQw2eCKj9+ojZYb8r63FEyBdlMTezSQZGsvVpA1ONH6w==",
      "dev": true
    }
  }
}
